
Microsoft Visual Studio Solution File, Format Version 12.00
# Visual Studio 14
VisualStudioVersion = 14.0.25123.0
MinimumVisualStudioVersion = 10.0.40219.1
Project("{FAE04EC0-301F-11D3-BF4B-00C04F79EFBC}") = "CMD", "CMD\CMD.csproj", "{9923BF23-F54B-4E82-A48A-6AA8E5AAF020}"
EndProject
Project("{FAE04EC0-301F-11D3-BF4B-00C04F79EFBC}") = "BD_MNG", "..\BD_MNG\BD_MNG.csproj", "{60A1CB55-FAF7-4672-B8FB-4FED0FB447DC}"
EndProject
Project("{FAE04EC0-301F-11D3-BF4B-00C04F79EFBC}") = "CMDEntities", "..\CMDEntities\CMDEntities\CMDEntities.csproj", "{C78377C8-5571-4A48-BA1B-B862EEBF2FA0}"
EndProject
Project("{FAE04EC0-301F-11D3-BF4B-00C04F79EFBC}") = "CMDLogic", "CMDLogic\CMDLogic.csproj", "{9E55233F-E787-43AB-BA70-A352638234E2}"
EndProject
Project("{FAE04EC0-301F-11D3-BF4B-00C04F79EFBC}") = "Testing", "..\Testing\Testing.csproj", "{0EFA9E08-02FD-4756-9FB5-881210007A1A}"
EndProject
Global
	GlobalSection(SolutionConfigurationPlatforms) = preSolution
		Debug|Any CPU = Debug|Any CPU
		Debug|x86 = Debug|x86
		Release|Any CPU = Release|Any CPU
		Release|x86 = Release|x86
	EndGlobalSection
	GlobalSection(ProjectConfigurationPlatforms) = postSolution
		{9923BF23-F54B-4E82-A48A-6AA8E5AAF020}.Debug|Any CPU.ActiveCfg = Debug|Any CPU
		{9923BF23-F54B-4E82-A48A-6AA8E5AAF020}.Debug|Any CPU.Build.0 = Debug|Any CPU
		{9923BF23-F54B-4E82-A48A-6AA8E5AAF020}.Debug|x86.ActiveCfg = Debug|Any CPU
		{9923BF23-F54B-4E82-A48A-6AA8E5AAF020}.Debug|x86.Build.0 = Debug|Any CPU
		{9923BF23-F54B-4E82-A48A-6AA8E5AAF020}.Release|Any CPU.ActiveCfg = Release|Any CPU
		{9923BF23-F54B-4E82-A48A-6AA8E5AAF020}.Release|Any CPU.Build.0 = Release|Any CPU
		{9923BF23-F54B-4E82-A48A-6AA8E5AAF020}.Release|x86.ActiveCfg = Release|Any CPU
		{9923BF23-F54B-4E82-A48A-6AA8E5AAF020}.Release|x86.Build.0 = Release|Any CPU
		{60A1CB55-FAF7-4672-B8FB-4FED0FB447DC}.Debug|Any CPU.ActiveCfg = Debug|Any CPU
		{60A1CB55-FAF7-4672-B8FB-4FED0FB447DC}.Debug|Any CPU.Build.0 = Debug|Any CPU
		{60A1CB55-FAF7-4672-B8FB-4FED0FB447DC}.Debug|x86.ActiveCfg = Debug|x86
		{60A1CB55-FAF7-4672-B8FB-4FED0FB447DC}.Debug|x86.Build.0 = Debug|x86
		{60A1CB55-FAF7-4672-B8FB-4FED0FB447DC}.Release|Any CPU.ActiveCfg = Release|Any CPU
		{60A1CB55-FAF7-4672-B8FB-4FED0FB447DC}.Release|Any CPU.Build.0 = Release|Any CPU
		{60A1CB55-FAF7-4672-B8FB-4FED0FB447DC}.Release|x86.ActiveCfg = Release|x86
		{60A1CB55-FAF7-4672-B8FB-4FED0FB447DC}.Release|x86.Build.0 = Release|x86
		{C78377C8-5571-4A48-BA1B-B862EEBF2FA0}.Debug|Any CPU.ActiveCfg = Debug|Any CPU
		{C78377C8-5571-4A48-BA1B-B862EEBF2FA0}.Debug|Any CPU.Build.0 = Debug|Any CPU
		{C78377C8-5571-4A48-BA1B-B862EEBF2FA0}.Debug|x86.ActiveCfg = Debug|Any CPU
		{C78377C8-5571-4A48-BA1B-B862EEBF2FA0}.Debug|x86.Build.0 = Debug|Any CPU
		{C78377C8-5571-4A48-BA1B-B862EEBF2FA0}.Release|Any CPU.ActiveCfg = Release|Any CPU
		{C78377C8-5571-4A48-BA1B-B862EEBF2FA0}.Release|Any CPU.Build.0 = Release|Any CPU
		{C78377C8-5571-4A48-BA1B-B862EEBF2FA0}.Release|x86.ActiveCfg = Release|Any CPU
		{C78377C8-5571-4A48-BA1B-B862EEBF2FA0}.Release|x86.Build.0 = Release|Any CPU
		{9E55233F-E787-43AB-BA70-A352638234E2}.Debug|Any CPU.ActiveCfg = Debug|Any CPU
		{9E55233F-E787-43AB-BA70-A352638234E2}.Debug|Any CPU.Build.0 = Debug|Any CPU
		{9E55233F-E787-43AB-BA70-A352638234E2}.Debug|x86.ActiveCfg = Debug|Any CPU
		{9E55233F-E787-43AB-BA70-A352638234E2}.Debug|x86.Build.0 = Debug|Any CPU
		{9E55233F-E787-43AB-BA70-A352638234E2}.Release|Any CPU.ActiveCfg = Release|Any CPU
		{9E55233F-E787-43AB-BA70-A352638234E2}.Release|Any CPU.Build.0 = Release|Any CPU
		{9E55233F-E787-43AB-BA70-A352638234E2}.Release|x86.ActiveCfg = Release|Any CPU
		{9E55233F-E787-43AB-BA70-A352638234E2}.Release|x86.Build.0 = Release|Any CPU
		{0EFA9E08-02FD-4756-9FB5-881210007A1A}.Debug|Any CPU.ActiveCfg = Debug|Any CPU
		{0EFA9E08-02FD-4756-9FB5-881210007A1A}.Debug|Any CPU.Build.0 = Debug|Any CPU
		{0EFA9E08-02FD-4756-9FB5-881210007A1A}.Debug|x86.ActiveCfg = Debug|Any CPU
		{0EFA9E08-02FD-4756-9FB5-881210007A1A}.Debug|x86.Build.0 = Debug|Any CPU
		{0EFA9E08-02FD-4756-9FB5-881210007A1A}.Release|Any CPU.ActiveCfg = Release|Any CPU
		{0EFA9E08-02FD-4756-9FB5-881210007A1A}.Release|Any CPU.Build.0 = Release|Any CPU
		{0EFA9E08-02FD-4756-9FB5-881210007A1A}.Release|x86.ActiveCfg = Release|Any CPU
		{0EFA9E08-02FD-4756-9FB5-881210007A1A}.Release|x86.Build.0 = Release|Any CPU
	EndGlobalSection
	GlobalSection(SolutionProperties) = preSolution
		HideSolutionNode = FALSE
	EndGlobalSection
EndGlobal
